github.com/jellydator/ttlcache/v3 v3.3.0/go.mod h1:bj2/e0l4jRnQdrnSTaGTsh4GSXvMjQcy41i7th0GVGw=
github.com/redis/go-redis/v9 v9.6.1/go.mod h1:0C0c6ycQsdpVNQpxb1njEQIqkx5UcsM8FJCQLgE9+RA=
go.opentelemetry.io/collector/component v0.109.0/go.mod h1:jRVFY86GY6JZ61SXvUN69n7CZoTjDTqWyNC+wJJvzOw=
go.opentelemetry.io/collector/extension v0.109.0/go.mod h1:WDE4fhiZnt2haxqSgF/2cqrr5H+QjgslN5tEnTBZuXc=
go.opentelemetry.io/collector/extension/auth v0.109.0/go.mod h1:wOIv49JhXIfol8CRmQvLve05ft3nZQUnTfcnuZKxdbo=
go.uber.org/zap v1.27.0/go.mod h1:GB2qFLM7cTU87MWRP2mPIjqfIDnGu+VIO4V/SdhGo2E=
